{
  "requires": true,
  "lockfileVersion": 1,
  "dependencies": {
    "@types/bluebird": {
      "version": "3.5.3",
      "resolved": "https://registry.npmjs.org/@types/bluebird/-/bluebird-3.5.3.tgz",
      "integrity": "sha1-osKL4CwIVfUm5DeF+jJvKCQC4pA=",
      "dev": true
    },
    "@types/js-yaml": {
      "version": "3.12.1",
      "resolved": "https://registry.npmjs.org/@types/js-yaml/-/js-yaml-3.12.1.tgz",
      "integrity": "sha512-SGGAhXLHDx+PK4YLNcNGa6goPf9XRWQNAUUbffkwVGGXIxmDKWyGGL4inzq2sPmExu431Ekb9aEMn9BkPqEYFA=="
    },
    "@types/ramda": {
      "version": "0.26.39",
      "resolved": "https://registry.npmjs.org/@types/ramda/-/ramda-0.26.39.tgz",
      "integrity": "sha512-3bu32X02VpjJhsYPUWkdOQGoBXjb/UveZgGg4IYMm+SPAXio96BOYrRhVELfM4AoP00sxoi/f2tqrXdwtR4jjg==",
      "requires": {
        "ts-toolbelt": "^4.12.0"
      }
    },
    "@types/swagger-schema-official": {
      "version": "2.0.1",
      "resolved": "https://registry.npmjs.org/@types/swagger-schema-official/-/swagger-schema-official-2.0.1.tgz",
      "integrity": "sha1-xU9998/nBHdKbLI6zjOTd3o0rPA=",
      "dev": true
    },
    "ajv": {
      "version": "6.10.0",
      "resolved": "https://registry.npmjs.org/ajv/-/ajv-6.10.0.tgz",
      "integrity": "sha512-nffhOpkymDECQyR0mnsUtoCE8RlX38G0rYP+wgLWFyZuUyuuojSSvi/+euOiQBIn63whYwYVIIH1TvE3tu4OEg==",
      "requires": {
        "fast-deep-equal": "^2.0.1",
        "fast-json-stable-stringify": "^2.0.0",
        "json-schema-traverse": "^0.4.1",
        "uri-js": "^4.2.2"
      }
    },
    "argparse": {
      "version": "1.0.10",
      "resolved": "https://registry.npmjs.org/argparse/-/argparse-1.0.10.tgz",
      "integrity": "sha512-o5Roy6tNG4SL/FOkCAN6RzjiakZS25RLYFrcMttJqbdd8BWrnA+fGz57iN5Pb06pvBGvl5gQ0B48dJlslXvoTg==",
      "requires": {
        "sprintf-js": "~1.0.2"
      }
    },
    "bluebird": {
      "version": "3.7.2",
      "resolved": "https://registry.npmjs.org/bluebird/-/bluebird-3.7.2.tgz",
      "integrity": "sha512-XpNj6GDQzdfW+r2Wnn7xiSAd7TM3jzkxGXBGTtWKuSXv1xUV+azxAm8jdWZN06QTQk+2N2XB9jRDkvbmQmcRtg==",
      "dev": true
    },
    "debug": {
      "version": "3.2.6",
      "resolved": "https://registry.npmjs.org/debug/-/debug-3.2.6.tgz",
      "integrity": "sha512-mel+jf7nrtEl5Pn1Qx46zARXKDpBbvzezse7p7LqINmdoIk8PYP5SySaxEmYv6TZ0JyEKA1hsCId6DIhgITtWQ==",
      "requires": {
        "ms": "^2.1.1"
      }
    },
    "esprima": {
      "version": "4.0.1",
      "resolved": "https://registry.npmjs.org/esprima/-/esprima-4.0.1.tgz",
      "integrity": "sha512-eGuFFw7Upda+g4p+QHvnW0RyTX/SVeJBDM/gCtMARO0cLuT2HcEKnTPvhjV6aGeqrCB/sbNop0Kszm0jsaWU4A=="
    },
    "fast-deep-equal": {
      "version": "2.0.1",
      "resolved": "https://registry.npmjs.org/fast-deep-equal/-/fast-deep-equal-2.0.1.tgz",
      "integrity": "sha1-ewUhjd+WZ79/Nwv3/bLLFf3Qqkk="
    },
    "fast-json-stable-stringify": {
      "version": "2.1.0",
      "resolved": "https://registry.npmjs.org/fast-json-stable-stringify/-/fast-json-stable-stringify-2.1.0.tgz",
      "integrity": "sha512-lhd/wF+Lk98HZoTCtlVraHtfh5XYijIjalXck7saUtuanSDyLMxnHhSXEDJqHxD7msR8D0uCmqlkwjCV8xvwHw=="
    },
    "js-yaml": {
      "version": "3.13.1",
      "resolved": "https://registry.npmjs.org/js-yaml/-/js-yaml-3.13.1.tgz",
      "integrity": "sha512-YfbcO7jXDdyj0DGxYVSlSeQNHbD7XPWvrVWeVUujrQEoZzWJIRrCPoyk6kL6IAjAG2IolMK4T0hNUe0HOUs5Jw==",
      "requires": {
        "argparse": "^1.0.7",
        "esprima": "^4.0.0"
      }
    },
    "json-schema-traverse": {
      "version": "0.4.1",
      "resolved": "https://registry.npmjs.org/json-schema-traverse/-/json-schema-traverse-0.4.1.tgz",
      "integrity": "sha512-xbbCH5dCYU5T8LcEhhuh7HJ88HXuW3qsI3Y0zOZFKfZEHcpWiHU/Jxzk629Brsab/mMiHQti9wMP+845RPe3Vg=="
    },
    "lodash": {
      "version": "4.17.11",
      "resolved": "https://registry.npmjs.org/lodash/-/lodash-4.17.11.tgz",
      "integrity": "sha512-cQKh8igo5QUhZ7lg38DYWAxMvjSAKG0A8wGSVimP07SIUEK2UO+arSRKbRZWtelMtN5V0Hkwh5ryOto/SshYIg=="
    },
    "lodash.isequal": {
      "version": "4.5.0",
      "resolved": "https://registry.npmjs.org/lodash.isequal/-/lodash.isequal-4.5.0.tgz",
      "integrity": "sha1-QVxEePK8wwEgwizhDtMib30+GOA="
    },
    "ms": {
      "version": "2.1.2",
      "resolved": "https://registry.npmjs.org/ms/-/ms-2.1.2.tgz",
      "integrity": "sha512-sGkPx+VjMtmA6MX27oA4FBFELFCZZ4S4XqeGOXCv68tT+jb3vk/RyaKWP0PTKyWtmLSM0b+adUTEvbs1PEaH2w=="
    },
    "path-to-regexp": {
      "version": "2.2.1",
      "resolved": "https://registry.npmjs.org/path-to-regexp/-/path-to-regexp-2.2.1.tgz",
      "integrity": "sha512-gu9bD6Ta5bwGrrU8muHzVOBFFREpp2iRkVfhBJahwJ6p6Xw20SjT0MxLnwkjOibQmGSYhiUnf2FLe7k+jcFmGQ=="
    },
    "punycode": {
      "version": "2.1.1",
      "resolved": "https://registry.npmjs.org/punycode/-/punycode-2.1.1.tgz",
      "integrity": "sha512-XRsRjdf+j5ml+y/6GKHPZbrF/8p2Yga0JPtdqTIY2Xe5ohJPD9saDJJLPvp9+NSBprVvevdXZybnj2cv8OEd0A=="
    },
    "sprintf-js": {
      "version": "1.0.3",
      "resolved": "https://registry.npmjs.org/sprintf-js/-/sprintf-js-1.0.3.tgz",
      "integrity": "sha1-BOaSb2YolTVPPdAVIDYzuFcpfiw="
    },
    "swagger-express-validator": {
      "version": "1.0.0",
      "resolved": "https://registry.npmjs.org/swagger-express-validator/-/swagger-express-validator-1.0.0.tgz",
      "integrity": "sha512-ssyJfAaa6uA0T6PE1RA5oW9Z9sS1znTz0ZQzz5gcdFFM1lxIBWn60vZv0tF3cMNgNAI8m4YAvjIe4p4PuA8F7g==",
      "requires": {
        "ajv": "6.10.0",
        "debug": "3.2.6",
        "lodash": "4.17.11",
        "path-to-regexp": "2.2.1",
        "validator": "10.11.0"
      }
    },
    "swagger-model-validator": {
      "version": "3.0.16",
      "resolved": "https://registry.npmjs.org/swagger-model-validator/-/swagger-model-validator-3.0.16.tgz",
      "integrity": "sha512-+Rrie8kz/Z+Zypg+VdqKXjFtn5NmOJI2GBRryx2YqMiySv/4rvWD5fYGY0bDHdyyiVy29RxbT4pR95a/5Zzb3A==",
      "requires": {
        "lodash.isequal": "^4.5.0"
      }
    },
    "swagger-object-validator": {
      "version": "1.2.2",
      "resolved": "https://registry.npmjs.org/swagger-object-validator/-/swagger-object-validator-1.2.2.tgz",
      "integrity": "sha512-cI9lVOyzKHXDQY0DwNBNM/DfW6xQzT4sDS3pcjfdLuSYAkOZpmpXGitRI6dkm+xIrONKZz4oNODmrs8rjOoQ3g==",
      "dev": true,
      "requires": {
        "@types/bluebird": "3.5.3",
        "@types/swagger-schema-official": "2.0.1",
        "bluebird": "^3.5.0",
        "js-yaml": "3.13.1"
      }
    },
    "ts-toolbelt": {
      "version": "4.14.6",
      "resolved": "https://registry.npmjs.org/ts-toolbelt/-/ts-toolbelt-4.14.6.tgz",
      "integrity": "sha512-SONcnRd93+LuYGfn/CZg5A5qhCODohZslAVZKHHu5bnwUxoXLqd2k2VIdwRUXYfKnY+UCeNbI2pTPz+Dno6Mpg=="
    },
    "uri-js": {
      "version": "4.2.2",
      "resolved": "https://registry.npmjs.org/uri-js/-/uri-js-4.2.2.tgz",
      "integrity": "sha512-KY9Frmirql91X2Qgjry0Wd4Y+YTdrdZheS8TFwvkbLWf/G5KNJDCh6pKL5OZctEW4+0Baa5idK2ZQuELRwPznQ==",
      "requires": {
        "punycode": "^2.1.0"
      }
    },
    "validator": {
      "version": "10.11.0",
      "resolved": "https://registry.npmjs.org/validator/-/validator-10.11.0.tgz",
      "integrity": "sha512-X/p3UZerAIsbBfN/IwahhYaBbY68EN/UQBWHtsbXGT5bfrH/p4NQzUCG1kF/rtKaNpnJ7jAu6NGTdSNtyNIXMw=="
    }
  }
}
